
Microsoft Visual Studio Solution File, Format Version 12.00
# Visual Studio Version 16
VisualStudioVersion = 16.0.30320.27
MinimumVisualStudioVersion = 10.0.40219.1
Project("{9A19103F-16F7-4668-BE54-9A1E7A4F7556}") = "CardGame", "CardGame\CardGame.csproj", "{8C80D565-1F44-4C16-AD88-D7D02E8F8A1F}"
EndProject
Project("{9A19103F-16F7-4668-BE54-9A1E7A4F7556}") = "CardGame.Services", "CardGame.Services\CardGame.Services.csproj", "{68290C4F-B639-48F0-BBC4-8D169E48EAC7}"
EndProject
Project("{9A19103F-16F7-4668-BE54-9A1E7A4F7556}") = "CardGame.Models", "CardGame.Models\CardGame.Models.csproj", "{1F090741-7071-4762-B33D-59ECFAFFF1F6}"
EndProject
Project("{2150E333-8FDC-42A3-9474-1A3956D46DE8}") = "Test", "Test", "{9C34D188-B700-4B5C-9D53-D14F6D8E8E8E}"
EndProject
Project("{9A19103F-16F7-4668-BE54-9A1E7A4F7556}") = "CardGame.Common", "CardGame.Common\CardGame.Common.csproj", "{63777427-09B4-418A-B246-465408C8DBA8}"
EndProject
Project("{FAE04EC0-301F-11D3-BF4B-00C04F79EFBC}") = "CardGame.Services.Tests", "CardGame.Services.Tests\CardGame.Services.Tests.csproj", "{0F71EE70-E2CE-45C4-A366-7CA754C12368}"
EndProject
Global
	GlobalSection(SolutionConfigurationPlatforms) = preSolution
		Debug|Any CPU = Debug|Any CPU
		Release|Any CPU = Release|Any CPU
	EndGlobalSection
	GlobalSection(ProjectConfigurationPlatforms) = postSolution
		{8C80D565-1F44-4C16-AD88-D7D02E8F8A1F}.Debug|Any CPU.ActiveCfg = Debug|Any CPU
		{8C80D565-1F44-4C16-AD88-D7D02E8F8A1F}.Debug|Any CPU.Build.0 = Debug|Any CPU
		{8C80D565-1F44-4C16-AD88-D7D02E8F8A1F}.Release|Any CPU.ActiveCfg = Release|Any CPU
		{8C80D565-1F44-4C16-AD88-D7D02E8F8A1F}.Release|Any CPU.Build.0 = Release|Any CPU
		{68290C4F-B639-48F0-BBC4-8D169E48EAC7}.Debug|Any CPU.ActiveCfg = Debug|Any CPU
		{68290C4F-B639-48F0-BBC4-8D169E48EAC7}.Debug|Any CPU.Build.0 = Debug|Any CPU
		{68290C4F-B639-48F0-BBC4-8D169E48EAC7}.Release|Any CPU.ActiveCfg = Release|Any CPU
		{68290C4F-B639-48F0-BBC4-8D169E48EAC7}.Release|Any CPU.Build.0 = Release|Any CPU
		{1F090741-7071-4762-B33D-59ECFAFFF1F6}.Debug|Any CPU.ActiveCfg = Debug|Any CPU
		{1F090741-7071-4762-B33D-59ECFAFFF1F6}.Debug|Any CPU.Build.0 = Debug|Any CPU
		{1F090741-7071-4762-B33D-59ECFAFFF1F6}.Release|Any CPU.ActiveCfg = Release|Any CPU
		{1F090741-7071-4762-B33D-59ECFAFFF1F6}.Release|Any CPU.Build.0 = Release|Any CPU
		{63777427-09B4-418A-B246-465408C8DBA8}.Debug|Any CPU.ActiveCfg = Debug|Any CPU
		{63777427-09B4-418A-B246-465408C8DBA8}.Debug|Any CPU.Build.0 = Debug|Any CPU
		{63777427-09B4-418A-B246-465408C8DBA8}.Release|Any CPU.ActiveCfg = Release|Any CPU
		{63777427-09B4-418A-B246-465408C8DBA8}.Release|Any CPU.Build.0 = Release|Any CPU
		{0F71EE70-E2CE-45C4-A366-7CA754C12368}.Debug|Any CPU.ActiveCfg = Debug|Any CPU
		{0F71EE70-E2CE-45C4-A366-7CA754C12368}.Debug|Any CPU.Build.0 = Debug|Any CPU
		{0F71EE70-E2CE-45C4-A366-7CA754C12368}.Release|Any CPU.ActiveCfg = Release|Any CPU
		{0F71EE70-E2CE-45C4-A366-7CA754C12368}.Release|Any CPU.Build.0 = Release|Any CPU
	EndGlobalSection
	GlobalSection(SolutionProperties) = preSolution
		HideSolutionNode = FALSE
	EndGlobalSection
	GlobalSection(NestedProjects) = preSolution
		{0F71EE70-E2CE-45C4-A366-7CA754C12368} = {9C34D188-B700-4B5C-9D53-D14F6D8E8E8E}
	EndGlobalSection
	GlobalSection(ExtensibilityGlobals) = postSolution
		SolutionGuid = {8D9E9093-C58F-4FFF-A179-9ACCD7A07561}
	EndGlobalSection
EndGlobal
